
Microsoft Visual Studio Solution File, Format Version 12.00
# Visual Studio 15
VisualStudioVersion = 15.0.28010.2048
MinimumVisualStudioVersion = 10.0.40219.1
Project("{FAE04EC0-301F-11D3-BF4B-00C04F79EFBC}") = "USP_PROEKT", "USP_PROEKT\USP_PROEKT.csproj", "{029D0D0F-D7CB-4A09-98D6-07210ECCE1FA}"
EndProject
Project("{FAE04EC0-301F-11D3-BF4B-00C04F79EFBC}") = "ТСП_Тест1", "C:\Users\20181004\source\repos\ТСП_Тест1\ТСП_Тест1\ТСП_Тест1.csproj", "{57727908-E7DF-4511-A54E-86007354B3D2}"
EndProject
Global
	GlobalSection(SolutionConfigurationPlatforms) = preSolution
		Debug|Any CPU = Debug|Any CPU
		Release|Any CPU = Release|Any CPU
	EndGlobalSection
	GlobalSection(ProjectConfigurationPlatforms) = postSolution
		{029D0D0F-D7CB-4A09-98D6-07210ECCE1FA}.Debug|Any CPU.ActiveCfg = Debug|Any CPU
		{029D0D0F-D7CB-4A09-98D6-07210ECCE1FA}.Debug|Any CPU.Build.0 = Debug|Any CPU
		{029D0D0F-D7CB-4A09-98D6-07210ECCE1FA}.Release|Any CPU.ActiveCfg = Release|Any CPU
		{029D0D0F-D7CB-4A09-98D6-07210ECCE1FA}.Release|Any CPU.Build.0 = Release|Any CPU
		{57727908-E7DF-4511-A54E-86007354B3D2}.Debug|Any CPU.ActiveCfg = Debug|Any CPU
		{57727908-E7DF-4511-A54E-86007354B3D2}.Debug|Any CPU.Build.0 = Debug|Any CPU
		{57727908-E7DF-4511-A54E-86007354B3D2}.Release|Any CPU.ActiveCfg = Release|Any CPU
		{57727908-E7DF-4511-A54E-86007354B3D2}.Release|Any CPU.Build.0 = Release|Any CPU
	EndGlobalSection
	GlobalSection(SolutionProperties) = preSolution
		HideSolutionNode = FALSE
	EndGlobalSection
	GlobalSection(ExtensibilityGlobals) = postSolution
		SolutionGuid = {68851EA7-09CE-4128-BFAF-5CB8D5880FCE}
	EndGlobalSection
EndGlobal
